
Microsoft Visual Studio Solution File, Format Version 12.00
# Visual Studio 15
VisualStudioVersion = 15.0.27130.2010
MinimumVisualStudioVersion = 10.0.40219.1
Project("{9A19103F-16F7-4668-BE54-9A1E7A4F7556}") = "AspectSharp.Build.Tests", "..\AspectSharp.Build.Tests\AspectSharp.Build.Tests.csproj", "{92537559-4AB6-4A2F-B501-56F2C5372F0B}"
EndProject
Global
	GlobalSection(SolutionConfigurationPlatforms) = preSolution
		Debug|Any CPU = Debug|Any CPU
		Release|Any CPU = Release|Any CPU
	EndGlobalSection
	GlobalSection(ProjectConfigurationPlatforms) = postSolution
		{92537559-4AB6-4A2F-B501-56F2C5372F0B}.Debug|Any CPU.ActiveCfg = Debug|Any CPU
		{92537559-4AB6-4A2F-B501-56F2C5372F0B}.Debug|Any CPU.Build.0 = Debug|Any CPU
		{92537559-4AB6-4A2F-B501-56F2C5372F0B}.Release|Any CPU.ActiveCfg = Release|Any CPU
		{92537559-4AB6-4A2F-B501-56F2C5372F0B}.Release|Any CPU.Build.0 = Release|Any CPU
	EndGlobalSection
	GlobalSection(SolutionProperties) = preSolution
		HideSolutionNode = FALSE
	EndGlobalSection
	GlobalSection(ExtensibilityGlobals) = postSolution
		SolutionGuid = {D535635A-8264-4CBF-9046-1EC454A2A066}
	EndGlobalSection
EndGlobal
